
Microsoft Visual Studio Solution File, Format Version 12.00
# Visual Studio Version 17
VisualStudioVersion = 17.3.32819.101
MinimumVisualStudioVersion = 10.0.40219.1
Project("{9A19103F-16F7-4668-BE54-9A1E7A4F7556}") = "ArcadeMachine", "ArcadeMachine\ArcadeMachine.csproj", "{AE0A166F-1F92-4A60-985B-532E04D658A1}"
EndProject
Project("{9A19103F-16F7-4668-BE54-9A1E7A4F7556}") = "ArcadeMachineLibrary", "ArcadeMachineLibrary\ArcadeMachineLibrary\ArcadeMachineLibrary.csproj", "{CDA6C8FB-2187-43A5-BA99-901910804C2E}"
EndProject
Global
	GlobalSection(SolutionConfigurationPlatforms) = preSolution
		Debug|Any CPU = Debug|Any CPU
		Release|Any CPU = Release|Any CPU
	EndGlobalSection
	GlobalSection(ProjectConfigurationPlatforms) = postSolution
		{AE0A166F-1F92-4A60-985B-532E04D658A1}.Debug|Any CPU.ActiveCfg = Debug|Any CPU
		{AE0A166F-1F92-4A60-985B-532E04D658A1}.Debug|Any CPU.Build.0 = Debug|Any CPU
		{AE0A166F-1F92-4A60-985B-532E04D658A1}.Release|Any CPU.ActiveCfg = Release|Any CPU
		{AE0A166F-1F92-4A60-985B-532E04D658A1}.Release|Any CPU.Build.0 = Release|Any CPU
		{CDA6C8FB-2187-43A5-BA99-901910804C2E}.Debug|Any CPU.ActiveCfg = Debug|Any CPU
		{CDA6C8FB-2187-43A5-BA99-901910804C2E}.Debug|Any CPU.Build.0 = Debug|Any CPU
		{CDA6C8FB-2187-43A5-BA99-901910804C2E}.Release|Any CPU.ActiveCfg = Release|Any CPU
		{CDA6C8FB-2187-43A5-BA99-901910804C2E}.Release|Any CPU.Build.0 = Release|Any CPU
	EndGlobalSection
	GlobalSection(SolutionProperties) = preSolution
		HideSolutionNode = FALSE
	EndGlobalSection
	GlobalSection(ExtensibilityGlobals) = postSolution
		SolutionGuid = {BEE43F40-9B49-4C23-96B7-8E732E7AC974}
	EndGlobalSection
EndGlobal
