
Microsoft Visual Studio Solution File, Format Version 12.00
# Visual Studio Version 17
VisualStudioVersion = 17.3.32819.101
MinimumVisualStudioVersion = 10.0.40219.1
Project("{FAE04EC0-301F-11D3-BF4B-00C04F79EFBC}") = "ArcadeMachineLibrary", "ArcadeMachineLibrary\ArcadeMachineLibrary.csproj", "{25E5C2C3-D6D9-4F0C-8D43-2C123221B999}"
EndProject
Global
	GlobalSection(SolutionConfigurationPlatforms) = preSolution
		Debug|Any CPU = Debug|Any CPU
		Release|Any CPU = Release|Any CPU
	EndGlobalSection
	GlobalSection(ProjectConfigurationPlatforms) = postSolution
		{25E5C2C3-D6D9-4F0C-8D43-2C123221B999}.Debug|Any CPU.ActiveCfg = Debug|Any CPU
		{25E5C2C3-D6D9-4F0C-8D43-2C123221B999}.Debug|Any CPU.Build.0 = Debug|Any CPU
		{25E5C2C3-D6D9-4F0C-8D43-2C123221B999}.Release|Any CPU.ActiveCfg = Release|Any CPU
		{25E5C2C3-D6D9-4F0C-8D43-2C123221B999}.Release|Any CPU.Build.0 = Release|Any CPU
	EndGlobalSection
	GlobalSection(SolutionProperties) = preSolution
		HideSolutionNode = FALSE
	EndGlobalSection
	GlobalSection(ExtensibilityGlobals) = postSolution
		SolutionGuid = {1572537D-9793-41E2-A179-590A472A606A}
	EndGlobalSection
EndGlobal
